// !$*UTF8*$!
{
	archiveVersion = 1;
	classes = {
	};
	objectVersion = 55;
	objects = {

/* Begin PBXBuildFile section */
		092964021F5C8B2C004F2D3F /* Assets.xcassets in Resources */ = {isa = PBXBuildFile; fileRef = 092964011F5C8B2C004F2D3F /* Assets.xcassets */; };
		0929640D1F5E403C004F2D3F /* dfu-programmer in CopyFiles */ = {isa = PBXBuildFile; fileRef = 0929640C1F5E403C004F2D3F /* dfu-programmer */; settings = {ATTRIBUTES = (CodeSignOnCopy, ); }; };
		0929640F1F5E4068004F2D3F /* teensy_loader_cli in CopyFiles */ = {isa = PBXBuildFile; fileRef = 0929640E1F5E4068004F2D3F /* teensy_loader_cli */; settings = {ATTRIBUTES = (CodeSignOnCopy, ); }; };
		092964111F5E4186004F2D3F /* avrdude in CopyFiles */ = {isa = PBXBuildFile; fileRef = 092964101F5E4186004F2D3F /* avrdude */; settings = {ATTRIBUTES = (CodeSignOnCopy, ); }; };
		09522BB31F61E32700AEBC5E /* mcu-list.txt in Resources */ = {isa = PBXBuildFile; fileRef = 09522BB21F61E32700AEBC5E /* mcu-list.txt */; };
		09522BBB1F6216BA00AEBC5E /* avrdude.conf in Resources */ = {isa = PBXBuildFile; fileRef = 09522BBA1F6216BA00AEBC5E /* avrdude.conf */; };
		098AEDFB1F5E45C300CA054D /* dfu-util in CopyFiles */ = {isa = PBXBuildFile; fileRef = 098AEDFA1F5E45C300CA054D /* dfu-util */; settings = {ATTRIBUTES = (CodeSignOnCopy, ); }; };
		3066649428392281007C93C8 /* libftdi1.2.5.0.dylib in Embed Libraries */ = {isa = PBXBuildFile; fileRef = 3A7770D822BD3B8200398C40 /* libftdi1.2.5.0.dylib */; settings = {ATTRIBUTES = (CodeSignOnCopy, ); }; };
		3066649628392281007C93C8 /* libhidapi.0.14.0.dylib in Embed Libraries */ = {isa = PBXBuildFile; fileRef = 3AFD4BCF281AB83C00ADCB65 /* libhidapi.0.14.0.dylib */; settings = {ATTRIBUTES = (CodeSignOnCopy, ); }; };
		3066649828392281007C93C8 /* libusb-0.1.4.dylib in Embed Libraries */ = {isa = PBXBuildFile; fileRef = 09D79CBB1FB8A6490086ABF6 /* libusb-0.1.4.dylib */; settings = {ATTRIBUTES = (CodeSignOnCopy, ); }; };
		3066649A28392281007C93C8 /* libusb-1.0.0.dylib in Embed Libraries */ = {isa = PBXBuildFile; fileRef = 09D79CB51FB0DD7F0086ABF6 /* libusb-1.0.0.dylib */; settings = {ATTRIBUTES = (CodeSignOnCopy, ); }; };
		3A128567283D3F0800173A80 /* MicrocontrollerSelector.swift in Sources */ = {isa = PBXBuildFile; fileRef = 3A128566283D3F0800173A80 /* MicrocontrollerSelector.swift */; };
		3A32CF4B28412C420016D7B7 /* BootloaderDevice.swift in Sources */ = {isa = PBXBuildFile; fileRef = 3A32CF4A28412C420016D7B7 /* BootloaderDevice.swift */; };
		3A32CF4D28413E6B0016D7B7 /* HalfKayDevice.swift in Sources */ = {isa = PBXBuildFile; fileRef = 3A32CF4C28413E6B0016D7B7 /* HalfKayDevice.swift */; };
		3A32CF4F28413F900016D7B7 /* CaterinaDevice.swift in Sources */ = {isa = PBXBuildFile; fileRef = 3A32CF4E28413F900016D7B7 /* CaterinaDevice.swift */; };
		3A32CF512841403B0016D7B7 /* BootloadHIDDevice.swift in Sources */ = {isa = PBXBuildFile; fileRef = 3A32CF502841403B0016D7B7 /* BootloadHIDDevice.swift */; };
		3A32CF532841409B0016D7B7 /* AtmelSAMBADevice.swift in Sources */ = {isa = PBXBuildFile; fileRef = 3A32CF522841409B0016D7B7 /* AtmelSAMBADevice.swift */; };
		3A32CF55284140E30016D7B7 /* AtmelDFUDevice.swift in Sources */ = {isa = PBXBuildFile; fileRef = 3A32CF54284140E30016D7B7 /* AtmelDFUDevice.swift */; };
		3A32CF57284141680016D7B7 /* AVRISPDevice.swift in Sources */ = {isa = PBXBuildFile; fileRef = 3A32CF56284141680016D7B7 /* AVRISPDevice.swift */; };
		3A32CF59284141D60016D7B7 /* APM32DFUDevice.swift in Sources */ = {isa = PBXBuildFile; fileRef = 3A32CF58284141D60016D7B7 /* APM32DFUDevice.swift */; };
		3A32CF5B284142300016D7B7 /* KiibohdDevice.swift in Sources */ = {isa = PBXBuildFile; fileRef = 3A32CF5A284142300016D7B7 /* KiibohdDevice.swift */; };
		3A32CF5D2841427E0016D7B7 /* LUFAHIDDevice.swift in Sources */ = {isa = PBXBuildFile; fileRef = 3A32CF5C2841427E0016D7B7 /* LUFAHIDDevice.swift */; };
		3A32CF5F284142D10016D7B7 /* STM32DFUDevice.swift in Sources */ = {isa = PBXBuildFile; fileRef = 3A32CF5E284142D10016D7B7 /* STM32DFUDevice.swift */; };
		3A32CF61284143990016D7B7 /* STM32DuinoDevice.swift in Sources */ = {isa = PBXBuildFile; fileRef = 3A32CF60284143990016D7B7 /* STM32DuinoDevice.swift */; };
		3A32CF63284143EC0016D7B7 /* USBAspDevice.swift in Sources */ = {isa = PBXBuildFile; fileRef = 3A32CF62284143EC0016D7B7 /* USBAspDevice.swift */; };
		3A32CF652841445E0016D7B7 /* USBTinyISPDevice.swift in Sources */ = {isa = PBXBuildFile; fileRef = 3A32CF642841445E0016D7B7 /* USBTinyISPDevice.swift */; };
		3A32CF672841451D0016D7B7 /* WB32DFUDevice.swift in Sources */ = {isa = PBXBuildFile; fileRef = 3A32CF662841451D0016D7B7 /* WB32DFUDevice.swift */; };
		3A32CF69284145900016D7B7 /* LUFAMSDevice.swift in Sources */ = {isa = PBXBuildFile; fileRef = 3A32CF68284145900016D7B7 /* LUFAMSDevice.swift */; };
		3A37607A283E769300C19B3F /* KeyView.swift in Sources */ = {isa = PBXBuildFile; fileRef = 3A376079283E769300C19B3F /* KeyView.swift */; };
		3A49F9A5282A92EB00B73DA0 /* MessageType.swift in Sources */ = {isa = PBXBuildFile; fileRef = 3A49F9A4282A92EB00B73DA0 /* MessageType.swift */; };
		3A5A916C28410F53004DD9BD /* USBDevice.swift in Sources */ = {isa = PBXBuildFile; fileRef = 3A5A916B28410F53004DD9BD /* USBDevice.swift */; };
		3A62C86526A96AED001C655A /* reset_right.eep in Resources */ = {isa = PBXBuildFile; fileRef = 3A62C86326A96AED001C655A /* reset_right.eep */; };
		3A62C86626A96AED001C655A /* reset_left.eep in Resources */ = {isa = PBXBuildFile; fileRef = 3A62C86426A96AED001C655A /* reset_left.eep */; };
		3A708D982848A23300394E52 /* USBListener.swift in Sources */ = {isa = PBXBuildFile; fileRef = 3A708D972848A23300394E52 /* USBListener.swift */; };
		3A708D9A284901F500394E52 /* HIDListener.swift in Sources */ = {isa = PBXBuildFile; fileRef = 3A708D99284901F500394E52 /* HIDListener.swift */; };
		3A708D9C284916F700394E52 /* AppDelegate.swift in Sources */ = {isa = PBXBuildFile; fileRef = 3A708D9B284916F700394E52 /* AppDelegate.swift */; };
		3A7492CC27DF96BF0073A5A0 /* hid_bootloader_cli in CopyFiles */ = {isa = PBXBuildFile; fileRef = 3A7492CB27DF96BF0073A5A0 /* hid_bootloader_cli */; settings = {ATTRIBUTES = (CodeSignOnCopy, ); }; };
		3A8DE01A284636780012063A /* HIDConsoleDevice.swift in Sources */ = {isa = PBXBuildFile; fileRef = 3A8DE019284636780012063A /* HIDConsoleDevice.swift */; };
		3A8F9F0226E7501E007480A7 /* KeyView.xib in Resources */ = {isa = PBXBuildFile; fileRef = 3A8F9F0426E7501E007480A7 /* KeyView.xib */; };
		3A92871E292CE6400015D961 /* MainViewController.swift in Sources */ = {isa = PBXBuildFile; fileRef = 3A92871D292CE6400015D961 /* MainViewController.swift */; };
		3A92873D292CF7A10015D961 /* HIDConsoleViewController.swift in Sources */ = {isa = PBXBuildFile; fileRef = 3A92873C292CF7A10015D961 /* HIDConsoleViewController.swift */; };
		3A928747292D2BB20015D961 /* WindowState.swift in Sources */ = {isa = PBXBuildFile; fileRef = 3A928746292D2BB20015D961 /* WindowState.swift */; };
		3A928749292D49E80015D961 /* MainWindow.swift in Sources */ = {isa = PBXBuildFile; fileRef = 3A928748292D49E80015D961 /* MainWindow.swift */; };
		3A968D45294CA66C006EAE9E /* KeyTesterViewController.swift in Sources */ = {isa = PBXBuildFile; fileRef = 3A968D44294CA66C006EAE9E /* KeyTesterViewController.swift */; };
		3AA5D3472803FCE1008121E4 /* Colors.xcassets in Resources */ = {isa = PBXBuildFile; fileRef = 3AA5D3462803FCE1008121E4 /* Colors.xcassets */; };
		3AA7F96B283BCD2E009FFDD5 /* BootloaderType.swift in Sources */ = {isa = PBXBuildFile; fileRef = 3AA7F96A283BCD2E009FFDD5 /* BootloaderType.swift */; };
		3AAB20AB283BEEC700029ABD /* LogTextView.swift in Sources */ = {isa = PBXBuildFile; fileRef = 3AAB20AA283BEEC700029ABD /* LogTextView.swift */; };
		3AB09F1D28B46672006CC212 /* GD32VDFUDevice.swift in Sources */ = {isa = PBXBuildFile; fileRef = 3AB09F1C28B46672006CC212 /* GD32VDFUDevice.swift */; };
		3AB4BC9D2495540A00204A3F /* bootloadHID in CopyFiles */ = {isa = PBXBuildFile; fileRef = 3AB4BC9C2495540A00204A3F /* bootloadHID */; settings = {ATTRIBUTES = (CodeSignOnCopy, ); }; };
		3AB657102B9EABB4007805DD /* RawDevice.swift in Sources */ = {isa = PBXBuildFile; fileRef = 3AB6570F2B9EABB4007805DD /* RawDevice.swift */; };
		3AB657122B9EAC34007805DD /* HIDDevice.swift in Sources */ = {isa = PBXBuildFile; fileRef = 3AB657112B9EAC34007805DD /* HIDDevice.swift */; };
		3AE86EF8294C9CEC00008D3E /* Main.storyboard in Resources */ = {isa = PBXBuildFile; fileRef = 3AE86EFA294C9CEC00008D3E /* Main.storyboard */; };
		9BE10718275F4CFE00C708D5 /* wb32-dfu-updater_cli in CopyFiles */ = {isa = PBXBuildFile; fileRef = 9BE10717275F4CFE00C708D5 /* wb32-dfu-updater_cli */; settings = {ATTRIBUTES = (CodeSignOnCopy, ); }; };
		C93A0FF42292232E0006C88F /* reset.eep in Resources */ = {isa = PBXBuildFile; fileRef = C93A0FF32292232D0006C88F /* reset.eep */; };
		C9A09B5722EE6826008C3CF3 /* mdloader in CopyFiles */ = {isa = PBXBuildFile; fileRef = C9A09B5622EE6826008C3CF3 /* mdloader */; settings = {ATTRIBUTES = (CodeSignOnCopy, ); }; };
/* End PBXBuildFile section */

/* Begin PBXCopyFilesBuildPhase section */
		3066649128392231007C93C8 /* CopyFiles */ = {
			isa = PBXCopyFilesBuildPhase;
			buildActionMask = 2147483647;
			dstPath = "";
			dstSubfolderSpec = 7;
			files = (
				092964111F5E4186004F2D3F /* avrdude in CopyFiles */,
				3AB4BC9D2495540A00204A3F /* bootloadHID in CopyFiles */,
				0929640D1F5E403C004F2D3F /* dfu-programmer in CopyFiles */,
				098AEDFB1F5E45C300CA054D /* dfu-util in CopyFiles */,
				3A7492CC27DF96BF0073A5A0 /* hid_bootloader_cli in CopyFiles */,
				C9A09B5722EE6826008C3CF3 /* mdloader in CopyFiles */,
				0929640F1F5E4068004F2D3F /* teensy_loader_cli in CopyFiles */,
				9BE10718275F4CFE00C708D5 /* wb32-dfu-updater_cli in CopyFiles */,
			);
			runOnlyForDeploymentPostprocessing = 0;
		};
		3066649B28392281007C93C8 /* Embed Libraries */ = {
			isa = PBXCopyFilesBuildPhase;
			buildActionMask = 2147483647;
			dstPath = "";
			dstSubfolderSpec = 10;
			files = (
				3066649428392281007C93C8 /* libftdi1.2.5.0.dylib in Embed Libraries */,
				3066649628392281007C93C8 /* libhidapi.0.14.0.dylib in Embed Libraries */,
				3066649828392281007C93C8 /* libusb-0.1.4.dylib in Embed Libraries */,
				3066649A28392281007C93C8 /* libusb-1.0.0.dylib in Embed Libraries */,
			);
			name = "Embed Libraries";
			runOnlyForDeploymentPostprocessing = 0;
		};
/* End PBXCopyFilesBuildPhase section */

/* Begin PBXFileReference section */
		092963F81F5C8B2C004F2D3F /* QMK Toolbox.app */ = {isa = PBXFileReference; explicitFileType = wrapper.application; includeInIndex = 0; path = "QMK Toolbox.app"; sourceTree = BUILT_PRODUCTS_DIR; };
		092964011F5C8B2C004F2D3F /* Assets.xcassets */ = {isa = PBXFileReference; lastKnownFileType = folder.assetcatalog; path = Assets.xcassets; sourceTree = "<group>"; };
		092964061F5C8B2C004F2D3F /* Info.plist */ = {isa = PBXFileReference; lastKnownFileType = text.plist.xml; path = Info.plist; sourceTree = "<group>"; };
		0929640C1F5E403C004F2D3F /* dfu-programmer */ = {isa = PBXFileReference; lastKnownFileType = "compiled.mach-o.executable"; path = "dfu-programmer"; sourceTree = "<group>"; };
		0929640E1F5E4068004F2D3F /* teensy_loader_cli */ = {isa = PBXFileReference; lastKnownFileType = "compiled.mach-o.executable"; path = teensy_loader_cli; sourceTree = "<group>"; };
		092964101F5E4186004F2D3F /* avrdude */ = {isa = PBXFileReference; lastKnownFileType = "compiled.mach-o.executable"; path = avrdude; sourceTree = "<group>"; };
		09522BB21F61E32700AEBC5E /* mcu-list.txt */ = {isa = PBXFileReference; fileEncoding = 4; lastKnownFileType = text; name = "mcu-list.txt"; path = "../../../common/mcu-list.txt"; sourceTree = "<group>"; };
		09522BBA1F6216BA00AEBC5E /* avrdude.conf */ = {isa = PBXFileReference; fileEncoding = 4; lastKnownFileType = text; name = avrdude.conf; path = ../../../common/avrdude.conf; sourceTree = "<group>"; };
		098AEDFA1F5E45C300CA054D /* dfu-util */ = {isa = PBXFileReference; lastKnownFileType = "compiled.mach-o.executable"; path = "dfu-util"; sourceTree = "<group>"; };
		09D79CB51FB0DD7F0086ABF6 /* libusb-1.0.0.dylib */ = {isa = PBXFileReference; lastKnownFileType = "compiled.mach-o.dylib"; path = "libusb-1.0.0.dylib"; sourceTree = "<group>"; };
		09D79CBB1FB8A6490086ABF6 /* libusb-0.1.4.dylib */ = {isa = PBXFileReference; lastKnownFileType = "compiled.mach-o.dylib"; path = "libusb-0.1.4.dylib"; sourceTree = "<group>"; };
		3A128566283D3F0800173A80 /* MicrocontrollerSelector.swift */ = {isa = PBXFileReference; lastKnownFileType = sourcecode.swift; path = MicrocontrollerSelector.swift; sourceTree = "<group>"; };
		3A32CF4A28412C420016D7B7 /* BootloaderDevice.swift */ = {isa = PBXFileReference; lastKnownFileType = sourcecode.swift; path = BootloaderDevice.swift; sourceTree = "<group>"; };
		3A32CF4C28413E6B0016D7B7 /* HalfKayDevice.swift */ = {isa = PBXFileReference; lastKnownFileType = sourcecode.swift; path = HalfKayDevice.swift; sourceTree = "<group>"; };
		3A32CF4E28413F900016D7B7 /* CaterinaDevice.swift */ = {isa = PBXFileReference; lastKnownFileType = sourcecode.swift; path = CaterinaDevice.swift; sourceTree = "<group>"; };
		3A32CF502841403B0016D7B7 /* BootloadHIDDevice.swift */ = {isa = PBXFileReference; lastKnownFileType = sourcecode.swift; path = BootloadHIDDevice.swift; sourceTree = "<group>"; };
		3A32CF522841409B0016D7B7 /* AtmelSAMBADevice.swift */ = {isa = PBXFileReference; lastKnownFileType = sourcecode.swift; path = AtmelSAMBADevice.swift; sourceTree = "<group>"; };
		3A32CF54284140E30016D7B7 /* AtmelDFUDevice.swift */ = {isa = PBXFileReference; lastKnownFileType = sourcecode.swift; path = AtmelDFUDevice.swift; sourceTree = "<group>"; };
		3A32CF56284141680016D7B7 /* AVRISPDevice.swift */ = {isa = PBXFileReference; lastKnownFileType = sourcecode.swift; path = AVRISPDevice.swift; sourceTree = "<group>"; };
		3A32CF58284141D60016D7B7 /* APM32DFUDevice.swift */ = {isa = PBXFileReference; lastKnownFileType = sourcecode.swift; path = APM32DFUDevice.swift; sourceTree = "<group>"; };
		3A32CF5A284142300016D7B7 /* KiibohdDevice.swift */ = {isa = PBXFileReference; lastKnownFileType = sourcecode.swift; path = KiibohdDevice.swift; sourceTree = "<group>"; };
		3A32CF5C2841427E0016D7B7 /* LUFAHIDDevice.swift */ = {isa = PBXFileReference; lastKnownFileType = sourcecode.swift; path = LUFAHIDDevice.swift; sourceTree = "<group>"; };
		3A32CF5E284142D10016D7B7 /* STM32DFUDevice.swift */ = {isa = PBXFileReference; lastKnownFileType = sourcecode.swift; path = STM32DFUDevice.swift; sourceTree = "<group>"; };
		3A32CF60284143990016D7B7 /* STM32DuinoDevice.swift */ = {isa = PBXFileReference; lastKnownFileType = sourcecode.swift; path = STM32DuinoDevice.swift; sourceTree = "<group>"; };
		3A32CF62284143EC0016D7B7 /* USBAspDevice.swift */ = {isa = PBXFileReference; lastKnownFileType = sourcecode.swift; path = USBAspDevice.swift; sourceTree = "<group>"; };
		3A32CF642841445E0016D7B7 /* USBTinyISPDevice.swift */ = {isa = PBXFileReference; lastKnownFileType = sourcecode.swift; path = USBTinyISPDevice.swift; sourceTree = "<group>"; };
		3A32CF662841451D0016D7B7 /* WB32DFUDevice.swift */ = {isa = PBXFileReference; lastKnownFileType = sourcecode.swift; path = WB32DFUDevice.swift; sourceTree = "<group>"; };
		3A32CF68284145900016D7B7 /* LUFAMSDevice.swift */ = {isa = PBXFileReference; lastKnownFileType = sourcecode.swift; path = LUFAMSDevice.swift; sourceTree = "<group>"; };
		3A376079283E769300C19B3F /* KeyView.swift */ = {isa = PBXFileReference; lastKnownFileType = sourcecode.swift; path = KeyView.swift; sourceTree = "<group>"; };
		3A49F9A4282A92EB00B73DA0 /* MessageType.swift */ = {isa = PBXFileReference; lastKnownFileType = sourcecode.swift; path = MessageType.swift; sourceTree = "<group>"; };
		3A5A916B28410F53004DD9BD /* USBDevice.swift */ = {isa = PBXFileReference; lastKnownFileType = sourcecode.swift; path = USBDevice.swift; sourceTree = "<group>"; };
		3A62C86326A96AED001C655A /* reset_right.eep */ = {isa = PBXFileReference; fileEncoding = 4; lastKnownFileType = text; name = reset_right.eep; path = ../../../common/reset_right.eep; sourceTree = "<group>"; };
		3A62C86426A96AED001C655A /* reset_left.eep */ = {isa = PBXFileReference; fileEncoding = 4; lastKnownFileType = text; name = reset_left.eep; path = ../../../common/reset_left.eep; sourceTree = "<group>"; };
		3A708D972848A23300394E52 /* USBListener.swift */ = {isa = PBXFileReference; lastKnownFileType = sourcecode.swift; path = USBListener.swift; sourceTree = "<group>"; };
		3A708D99284901F500394E52 /* HIDListener.swift */ = {isa = PBXFileReference; lastKnownFileType = sourcecode.swift; path = HIDListener.swift; sourceTree = "<group>"; };
		3A708D9B284916F700394E52 /* AppDelegate.swift */ = {isa = PBXFileReference; lastKnownFileType = sourcecode.swift; path = AppDelegate.swift; sourceTree = "<group>"; };
		3A7492CB27DF96BF0073A5A0 /* hid_bootloader_cli */ = {isa = PBXFileReference; lastKnownFileType = "compiled.mach-o.executable"; path = hid_bootloader_cli; sourceTree = "<group>"; };
		3A7770D822BD3B8200398C40 /* libftdi1.2.5.0.dylib */ = {isa = PBXFileReference; lastKnownFileType = "compiled.mach-o.dylib"; path = libftdi1.2.5.0.dylib; sourceTree = "<group>"; };
		3A8DE019284636780012063A /* HIDConsoleDevice.swift */ = {isa = PBXFileReference; lastKnownFileType = sourcecode.swift; path = HIDConsoleDevice.swift; sourceTree = "<group>"; };
		3A8F9F0326E7501E007480A7 /* Base */ = {isa = PBXFileReference; lastKnownFileType = file.xib; name = Base; path = Base.lproj/KeyView.xib; sourceTree = "<group>"; };
		3A92871D292CE6400015D961 /* MainViewController.swift */ = {isa = PBXFileReference; lastKnownFileType = sourcecode.swift; path = MainViewController.swift; sourceTree = "<group>"; };
		3A92873C292CF7A10015D961 /* HIDConsoleViewController.swift */ = {isa = PBXFileReference; lastKnownFileType = sourcecode.swift; path = HIDConsoleViewController.swift; sourceTree = "<group>"; };
		3A928746292D2BB20015D961 /* WindowState.swift */ = {isa = PBXFileReference; lastKnownFileType = sourcecode.swift; path = WindowState.swift; sourceTree = "<group>"; };
		3A928748292D49E80015D961 /* MainWindow.swift */ = {isa = PBXFileReference; lastKnownFileType = sourcecode.swift; path = MainWindow.swift; sourceTree = "<group>"; };
		3A968D44294CA66C006EAE9E /* KeyTesterViewController.swift */ = {isa = PBXFileReference; lastKnownFileType = sourcecode.swift; path = KeyTesterViewController.swift; sourceTree = "<group>"; };
		3AA5D3462803FCE1008121E4 /* Colors.xcassets */ = {isa = PBXFileReference; lastKnownFileType = folder.assetcatalog; path = Colors.xcassets; sourceTree = "<group>"; };
		3AA7F96A283BCD2E009FFDD5 /* BootloaderType.swift */ = {isa = PBXFileReference; lastKnownFileType = sourcecode.swift; path = BootloaderType.swift; sourceTree = "<group>"; };
		3AAB20AA283BEEC700029ABD /* LogTextView.swift */ = {isa = PBXFileReference; lastKnownFileType = sourcecode.swift; path = LogTextView.swift; sourceTree = "<group>"; };
		3AB09F1C28B46672006CC212 /* GD32VDFUDevice.swift */ = {isa = PBXFileReference; lastKnownFileType = sourcecode.swift; path = GD32VDFUDevice.swift; sourceTree = "<group>"; };
		3AB4BC9C2495540A00204A3F /* bootloadHID */ = {isa = PBXFileReference; lastKnownFileType = "compiled.mach-o.executable"; path = bootloadHID; sourceTree = "<group>"; };
		3AB6570F2B9EABB4007805DD /* RawDevice.swift */ = {isa = PBXFileReference; lastKnownFileType = sourcecode.swift; path = RawDevice.swift; sourceTree = "<group>"; };
		3AB657112B9EAC34007805DD /* HIDDevice.swift */ = {isa = PBXFileReference; lastKnownFileType = sourcecode.swift; path = HIDDevice.swift; sourceTree = "<group>"; };
		3AE86EF9294C9CEC00008D3E /* Base */ = {isa = PBXFileReference; lastKnownFileType = file.storyboard; name = Base; path = Base.lproj/Main.storyboard; sourceTree = "<group>"; };
		3AFD4BCF281AB83C00ADCB65 /* libhidapi.0.14.0.dylib */ = {isa = PBXFileReference; lastKnownFileType = "compiled.mach-o.dylib"; path = libhidapi.0.14.0.dylib; sourceTree = "<group>"; };
		9BE10717275F4CFE00C708D5 /* wb32-dfu-updater_cli */ = {isa = PBXFileReference; lastKnownFileType = "compiled.mach-o.executable"; path = "wb32-dfu-updater_cli"; sourceTree = "<group>"; };
		C93A0FF32292232D0006C88F /* reset.eep */ = {isa = PBXFileReference; fileEncoding = 4; lastKnownFileType = text; name = reset.eep; path = ../../../common/reset.eep; sourceTree = "<group>"; };
		C9A09B5622EE6826008C3CF3 /* mdloader */ = {isa = PBXFileReference; lastKnownFileType = "compiled.mach-o.executable"; path = mdloader; sourceTree = "<group>"; };
/* End PBXFileReference section */

/* Begin PBXFrameworksBuildPhase section */
		092963F51F5C8B2C004F2D3F /* Frameworks */ = {
			isa = PBXFrameworksBuildPhase;
			buildActionMask = 2147483647;
			files = (
			);
			runOnlyForDeploymentPostprocessing = 0;
		};
/* End PBXFrameworksBuildPhase section */

/* Begin PBXGroup section */
		092963EF1F5C8B2C004F2D3F = {
			isa = PBXGroup;
			children = (
				092963FA1F5C8B2C004F2D3F /* QMK Toolbox */,
				092963F91F5C8B2C004F2D3F /* Products */,
			);
			sourceTree = "<group>";
		};
		092963F91F5C8B2C004F2D3F /* Products */ = {
			isa = PBXGroup;
			children = (
				092963F81F5C8B2C004F2D3F /* QMK Toolbox.app */,
			);
			name = Products;
			sourceTree = "<group>";
		};
		092963FA1F5C8B2C004F2D3F /* QMK Toolbox */ = {
			isa = PBXGroup;
			children = (
				3A3DDC4C26AE27F600A04A99 /* HID */,
				3AC739EB26E23A9800D8B258 /* KeyTester */,
				3AC7BE4B27254FB800FED7DB /* USB */,
				3A708D9B284916F700394E52 /* AppDelegate.swift */,
				3AAB20AA283BEEC700029ABD /* LogTextView.swift */,
				3A92871D292CE6400015D961 /* MainViewController.swift */,
				3A928748292D49E80015D961 /* MainWindow.swift */,
				3A49F9A4282A92EB00B73DA0 /* MessageType.swift */,
				3A128566283D3F0800173A80 /* MicrocontrollerSelector.swift */,
				3A928746292D2BB20015D961 /* WindowState.swift */,
				092964011F5C8B2C004F2D3F /* Assets.xcassets */,
				3AA5D3462803FCE1008121E4 /* Colors.xcassets */,
				3AE86EFA294C9CEC00008D3E /* Main.storyboard */,
				092964061F5C8B2C004F2D3F /* Info.plist */,
				092963FE1F5C8B2C004F2D3F /* Supporting Files */,
			);
			path = "QMK Toolbox";
			sourceTree = "<group>";
		};
		092963FE1F5C8B2C004F2D3F /* Supporting Files */ = {
			isa = PBXGroup;
			children = (
				3A53FB5B268A33F10020BAB0 /* Resources */,
			);
			name = "Supporting Files";
			sourceTree = "<group>";
		};
		3A3DDC4C26AE27F600A04A99 /* HID */ = {
			isa = PBXGroup;
			children = (
				3A8DE019284636780012063A /* HIDConsoleDevice.swift */,
				3A708D99284901F500394E52 /* HIDListener.swift */,
				3A92873C292CF7A10015D961 /* HIDConsoleViewController.swift */,
				3AB657112B9EAC34007805DD /* HIDDevice.swift */,
				3AB6570F2B9EABB4007805DD /* RawDevice.swift */,
			);
			path = HID;
			sourceTree = "<group>";
		};
		3A53FB5B268A33F10020BAB0 /* Resources */ = {
			isa = PBXGroup;
			children = (
				09522BBA1F6216BA00AEBC5E /* avrdude.conf */,
				09522BB21F61E32700AEBC5E /* mcu-list.txt */,
				C93A0FF32292232D0006C88F /* reset.eep */,
				3A62C86426A96AED001C655A /* reset_left.eep */,
				3A62C86326A96AED001C655A /* reset_right.eep */,
				092964101F5E4186004F2D3F /* avrdude */,
				3AB4BC9C2495540A00204A3F /* bootloadHID */,
				0929640C1F5E403C004F2D3F /* dfu-programmer */,
				098AEDFA1F5E45C300CA054D /* dfu-util */,
				3A7492CB27DF96BF0073A5A0 /* hid_bootloader_cli */,
				C9A09B5622EE6826008C3CF3 /* mdloader */,
				0929640E1F5E4068004F2D3F /* teensy_loader_cli */,
				9BE10717275F4CFE00C708D5 /* wb32-dfu-updater_cli */,
				3A7770D822BD3B8200398C40 /* libftdi1.2.5.0.dylib */,
				3AFD4BCF281AB83C00ADCB65 /* libhidapi.0.14.0.dylib */,
				09D79CBB1FB8A6490086ABF6 /* libusb-0.1.4.dylib */,
				09D79CB51FB0DD7F0086ABF6 /* libusb-1.0.0.dylib */,
			);
			path = Resources;
			sourceTree = "<group>";
		};
		3AC739EB26E23A9800D8B258 /* KeyTester */ = {
			isa = PBXGroup;
			children = (
				3A968D44294CA66C006EAE9E /* KeyTesterViewController.swift */,
				3A376079283E769300C19B3F /* KeyView.swift */,
				3A8F9F0426E7501E007480A7 /* KeyView.xib */,
			);
			path = KeyTester;
			sourceTree = "<group>";
		};
		3AC7BE4B27254FB800FED7DB /* USB */ = {
			isa = PBXGroup;
			children = (
				3AC7BE50272565B600FED7DB /* Bootloader */,
				3A5A916B28410F53004DD9BD /* USBDevice.swift */,
				3A708D972848A23300394E52 /* USBListener.swift */,
			);
			path = USB;
			sourceTree = "<group>";
		};
		3AC7BE50272565B600FED7DB /* Bootloader */ = {
			isa = PBXGroup;
			children = (
				3A32CF58284141D60016D7B7 /* APM32DFUDevice.swift */,
				3A32CF54284140E30016D7B7 /* AtmelDFUDevice.swift */,
				3A32CF522841409B0016D7B7 /* AtmelSAMBADevice.swift */,
				3A32CF56284141680016D7B7 /* AVRISPDevice.swift */,
				3A32CF4A28412C420016D7B7 /* BootloaderDevice.swift */,
				3A32CF502841403B0016D7B7 /* BootloadHIDDevice.swift */,
				3AA7F96A283BCD2E009FFDD5 /* BootloaderType.swift */,
				3A32CF4E28413F900016D7B7 /* CaterinaDevice.swift */,
				3AB09F1C28B46672006CC212 /* GD32VDFUDevice.swift */,
				3A32CF4C28413E6B0016D7B7 /* HalfKayDevice.swift */,
				3A32CF5A284142300016D7B7 /* KiibohdDevice.swift */,
				3A32CF5C2841427E0016D7B7 /* LUFAHIDDevice.swift */,
				3A32CF68284145900016D7B7 /* LUFAMSDevice.swift */,
				3A32CF5E284142D10016D7B7 /* STM32DFUDevice.swift */,
				3A32CF60284143990016D7B7 /* STM32DuinoDevice.swift */,
				3A32CF62284143EC0016D7B7 /* USBAspDevice.swift */,
				3A32CF642841445E0016D7B7 /* USBTinyISPDevice.swift */,
				3A32CF662841451D0016D7B7 /* WB32DFUDevice.swift */,
			);
			path = Bootloader;
			sourceTree = "<group>";
		};
/* End PBXGroup section */

/* Begin PBXNativeTarget section */
		092963F71F5C8B2C004F2D3F /* QMK Toolbox */ = {
			isa = PBXNativeTarget;
			buildConfigurationList = 092964091F5C8B2C004F2D3F /* Build configuration list for PBXNativeTarget "QMK Toolbox" */;
			buildPhases = (
				092963F41F5C8B2C004F2D3F /* Sources */,
				092963F51F5C8B2C004F2D3F /* Frameworks */,
				092963F61F5C8B2C004F2D3F /* Resources */,
				3066649128392231007C93C8 /* CopyFiles */,
				3066649B28392281007C93C8 /* Embed Libraries */,
			);
			buildRules = (
			);
			dependencies = (
			);
			name = "QMK Toolbox";
			productName = "QMK Toolbox";
			productReference = 092963F81F5C8B2C004F2D3F /* QMK Toolbox.app */;
			productType = "com.apple.product-type.application";
		};
/* End PBXNativeTarget section */

/* Begin PBXProject section */
		092963F01F5C8B2C004F2D3F /* Project object */ = {
			isa = PBXProject;
			attributes = {
				BuildIndependentTargetsInParallel = 1;
				LastSwiftUpdateCheck = 1410;
				LastUpgradeCheck = 1520;
				ORGANIZATIONNAME = QMK;
				TargetAttributes = {
					092963F71F5C8B2C004F2D3F = {
						CreatedOnToolsVersion = 7.1;
					};
				};
			};
			buildConfigurationList = 092963F31F5C8B2C004F2D3F /* Build configuration list for PBXProject "QMK Toolbox" */;
			compatibilityVersion = "Xcode 13.0";
			developmentRegion = en;
			hasScannedForEncodings = 0;
			knownRegions = (
				en,
				Base,
			);
			mainGroup = 092963EF1F5C8B2C004F2D3F;
			productRefGroup = 092963F91F5C8B2C004F2D3F /* Products */;
			projectDirPath = "";
			projectRoot = "";
			targets = (
				092963F71F5C8B2C004F2D3F /* QMK Toolbox */,
			);
		};
/* End PBXProject section */

/* Begin PBXResourcesBuildPhase section */
		092963F61F5C8B2C004F2D3F /* Resources */ = {
			isa = PBXResourcesBuildPhase;
			buildActionMask = 2147483647;
			files = (
				092964021F5C8B2C004F2D3F /* Assets.xcassets in Resources */,
				3AA5D3472803FCE1008121E4 /* Colors.xcassets in Resources */,
				3AE86EF8294C9CEC00008D3E /* Main.storyboard in Resources */,
				3A8F9F0226E7501E007480A7 /* KeyView.xib in Resources */,
				09522BBB1F6216BA00AEBC5E /* avrdude.conf in Resources */,
				09522BB31F61E32700AEBC5E /* mcu-list.txt in Resources */,
				C93A0FF42292232E0006C88F /* reset.eep in Resources */,
				3A62C86626A96AED001C655A /* reset_left.eep in Resources */,
				3A62C86526A96AED001C655A /* reset_right.eep in Resources */,
			);
			runOnlyForDeploymentPostprocessing = 0;
		};
/* End PBXResourcesBuildPhase section */

/* Begin PBXSourcesBuildPhase section */
		092963F41F5C8B2C004F2D3F /* Sources */ = {
			isa = PBXSourcesBuildPhase;
			buildActionMask = 2147483647;
			files = (
				3A8DE01A284636780012063A /* HIDConsoleDevice.swift in Sources */,
				3AB657102B9EABB4007805DD /* RawDevice.swift in Sources */,
				3A708D9A284901F500394E52 /* HIDListener.swift in Sources */,
				3A92873D292CF7A10015D961 /* HIDConsoleViewController.swift in Sources */,
				3A37607A283E769300C19B3F /* KeyView.swift in Sources */,
				3A32CF59284141D60016D7B7 /* APM32DFUDevice.swift in Sources */,
				3A32CF55284140E30016D7B7 /* AtmelDFUDevice.swift in Sources */,
				3A32CF532841409B0016D7B7 /* AtmelSAMBADevice.swift in Sources */,
				3A32CF57284141680016D7B7 /* AVRISPDevice.swift in Sources */,
				3A32CF4B28412C420016D7B7 /* BootloaderDevice.swift in Sources */,
				3A32CF512841403B0016D7B7 /* BootloadHIDDevice.swift in Sources */,
				3AA7F96B283BCD2E009FFDD5 /* BootloaderType.swift in Sources */,
				3A32CF4F28413F900016D7B7 /* CaterinaDevice.swift in Sources */,
				3AB09F1D28B46672006CC212 /* GD32VDFUDevice.swift in Sources */,
				3A32CF4D28413E6B0016D7B7 /* HalfKayDevice.swift in Sources */,
				3A32CF5B284142300016D7B7 /* KiibohdDevice.swift in Sources */,
				3A32CF5D2841427E0016D7B7 /* LUFAHIDDevice.swift in Sources */,
				3A32CF69284145900016D7B7 /* LUFAMSDevice.swift in Sources */,
				3A32CF5F284142D10016D7B7 /* STM32DFUDevice.swift in Sources */,
				3A32CF61284143990016D7B7 /* STM32DuinoDevice.swift in Sources */,
				3A32CF63284143EC0016D7B7 /* USBAspDevice.swift in Sources */,
				3AB657122B9EAC34007805DD /* HIDDevice.swift in Sources */,
				3A32CF652841445E0016D7B7 /* USBTinyISPDevice.swift in Sources */,
				3A32CF672841451D0016D7B7 /* WB32DFUDevice.swift in Sources */,
				3A5A916C28410F53004DD9BD /* USBDevice.swift in Sources */,
				3A968D45294CA66C006EAE9E /* KeyTesterViewController.swift in Sources */,
				3A708D982848A23300394E52 /* USBListener.swift in Sources */,
				3A708D9C284916F700394E52 /* AppDelegate.swift in Sources */,
				3AAB20AB283BEEC700029ABD /* LogTextView.swift in Sources */,
				3A92871E292CE6400015D961 /* MainViewController.swift in Sources */,
				3A928749292D49E80015D961 /* MainWindow.swift in Sources */,
				3A49F9A5282A92EB00B73DA0 /* MessageType.swift in Sources */,
				3A128567283D3F0800173A80 /* MicrocontrollerSelector.swift in Sources */,
				3A928747292D2BB20015D961 /* WindowState.swift in Sources */,
			);
			runOnlyForDeploymentPostprocessing = 0;
		};
/* End PBXSourcesBuildPhase section */

/* Begin PBXVariantGroup section */
		3A8F9F0426E7501E007480A7 /* KeyView.xib */ = {
			isa = PBXVariantGroup;
			children = (
				3A8F9F0326E7501E007480A7 /* Base */,
			);
			name = KeyView.xib;
			sourceTree = "<group>";
		};
		3AE86EFA294C9CEC00008D3E /* Main.storyboard */ = {
			isa = PBXVariantGroup;
			children = (
				3AE86EF9294C9CEC00008D3E /* Base */,
			);
			name = Main.storyboard;
			sourceTree = "<group>";
		};
/* End PBXVariantGroup section */

/* Begin XCBuildConfiguration section */
		092964071F5C8B2C004F2D3F /* Debug */ = {
			isa = XCBuildConfiguration;
			buildSettings = {
				ALWAYS_SEARCH_USER_PATHS = NO;
				ASSETCATALOG_COMPILER_GENERATE_SWIFT_ASSET_SYMBOL_EXTENSIONS = YES;
				CLANG_ANALYZER_NONNULL = YES;
				CLANG_ANALYZER_NUMBER_OBJECT_CONVERSION = YES_AGGRESSIVE;
				CLANG_CXX_LANGUAGE_STANDARD = "gnu++17";
				CLANG_ENABLE_MODULES = YES;
				CLANG_ENABLE_OBJC_ARC = YES;
				CLANG_ENABLE_OBJC_WEAK = YES;
				CLANG_WARN_BLOCK_CAPTURE_AUTORELEASING = YES;
				CLANG_WARN_BOOL_CONVERSION = YES;
				CLANG_WARN_COMMA = YES;
				CLANG_WARN_CONSTANT_CONVERSION = YES;
				CLANG_WARN_DEPRECATED_OBJC_IMPLEMENTATIONS = YES;
				CLANG_WARN_DIRECT_OBJC_ISA_USAGE = YES_ERROR;
				CLANG_WARN_DOCUMENTATION_COMMENTS = YES;
				CLANG_WARN_EMPTY_BODY = YES;
				CLANG_WARN_ENUM_CONVERSION = YES;
				CLANG_WARN_INFINITE_RECURSION = YES;
				CLANG_WARN_INT_CONVERSION = YES;
				CLANG_WARN_NON_LITERAL_NULL_CONVERSION = YES;
				CLANG_WARN_OBJC_IMPLICIT_RETAIN_SELF = YES;
				CLANG_WARN_OBJC_LITERAL_CONVERSION = YES;
				CLANG_WARN_OBJC_ROOT_CLASS = YES_ERROR;
				CLANG_WARN_QUOTED_INCLUDE_IN_FRAMEWORK_HEADER = YES;
				CLANG_WARN_RANGE_LOOP_ANALYSIS = YES;
				CLANG_WARN_STRICT_PROTOTYPES = YES;
				CLANG_WARN_SUSPICIOUS_MOVE = YES;
				CLANG_WARN_UNGUARDED_AVAILABILITY = YES_AGGRESSIVE;
				CLANG_WARN_UNREACHABLE_CODE = YES;
				CLANG_WARN__DUPLICATE_METHOD_MATCH = YES;
				CODE_SIGN_IDENTITY = "-";
				COPY_PHASE_STRIP = NO;
				DEAD_CODE_STRIPPING = YES;
				DEBUG_INFORMATION_FORMAT = dwarf;
				ENABLE_STRICT_OBJC_MSGSEND = YES;
				ENABLE_TESTABILITY = YES;
				ENABLE_USER_SCRIPT_SANDBOXING = YES;
				GCC_C_LANGUAGE_STANDARD = gnu11;
				GCC_DYNAMIC_NO_PIC = NO;
				GCC_NO_COMMON_BLOCKS = YES;
				GCC_OPTIMIZATION_LEVEL = 0;
				GCC_PREPROCESSOR_DEFINITIONS = (
					"DEBUG=1",
					"$(inherited)",
				);
				GCC_WARN_64_TO_32_BIT_CONVERSION = YES;
				GCC_WARN_ABOUT_RETURN_TYPE = YES_ERROR;
				GCC_WARN_UNDECLARED_SELECTOR = YES;
				GCC_WARN_UNINITIALIZED_AUTOS = YES_AGGRESSIVE;
				GCC_WARN_UNUSED_FUNCTION = YES;
				GCC_WARN_UNUSED_VARIABLE = YES;
				MACOSX_DEPLOYMENT_TARGET = 12.0;
				MTL_ENABLE_DEBUG_INFO = INCLUDE_SOURCE;
				MTL_FAST_MATH = YES;
				ONLY_ACTIVE_ARCH = YES;
				SDKROOT = macosx;
				SWIFT_ACTIVE_COMPILATION_CONDITIONS = DEBUG;
				SWIFT_OPTIMIZATION_LEVEL = "-Onone";
			};
			name = Debug;
		};
		092964081F5C8B2C004F2D3F /* Release */ = {
			isa = XCBuildConfiguration;
			buildSettings = {
				ALWAYS_SEARCH_USER_PATHS = NO;
				ASSETCATALOG_COMPILER_GENERATE_SWIFT_ASSET_SYMBOL_EXTENSIONS = YES;
				CLANG_ANALYZER_NONNULL = YES;
				CLANG_ANALYZER_NUMBER_OBJECT_CONVERSION = YES_AGGRESSIVE;
				CLANG_CXX_LANGUAGE_STANDARD = "gnu++17";
				CLANG_ENABLE_MODULES = YES;
				CLANG_ENABLE_OBJC_ARC = YES;
				CLANG_ENABLE_OBJC_WEAK = YES;
				CLANG_WARN_BLOCK_CAPTURE_AUTORELEASING = YES;
				CLANG_WARN_BOOL_CONVERSION = YES;
				CLANG_WARN_COMMA = YES;
				CLANG_WARN_CONSTANT_CONVERSION = YES;
				CLANG_WARN_DEPRECATED_OBJC_IMPLEMENTATIONS = YES;
				CLANG_WARN_DIRECT_OBJC_ISA_USAGE = YES_ERROR;
				CLANG_WARN_DOCUMENTATION_COMMENTS = YES;
				CLANG_WARN_EMPTY_BODY = YES;
				CLANG_WARN_ENUM_CONVERSION = YES;
				CLANG_WARN_INFINITE_RECURSION = YES;
				CLANG_WARN_INT_CONVERSION = YES;
				CLANG_WARN_NON_LITERAL_NULL_CONVERSION = YES;
				CLANG_WARN_OBJC_IMPLICIT_RETAIN_SELF = YES;
				CLANG_WARN_OBJC_LITERAL_CONVERSION = YES;
				CLANG_WARN_OBJC_ROOT_CLASS = YES_ERROR;
				CLANG_WARN_QUOTED_INCLUDE_IN_FRAMEWORK_HEADER = YES;
				CLANG_WARN_RANGE_LOOP_ANALYSIS = YES;
				CLANG_WARN_STRICT_PROTOTYPES = YES;
				CLANG_WARN_SUSPICIOUS_MOVE = YES;
				CLANG_WARN_UNGUARDED_AVAILABILITY = YES_AGGRESSIVE;
				CLANG_WARN_UNREACHABLE_CODE = YES;
				CLANG_WARN__DUPLICATE_METHOD_MATCH = YES;
				CODE_SIGN_IDENTITY = "-";
				DEAD_CODE_STRIPPING = YES;
				DEBUG_INFORMATION_FORMAT = "dwarf-with-dsym";
				DEPLOYMENT_POSTPROCESSING = YES;
				ENABLE_NS_ASSERTIONS = NO;
				ENABLE_STRICT_OBJC_MSGSEND = YES;
				ENABLE_USER_SCRIPT_SANDBOXING = YES;
				GCC_C_LANGUAGE_STANDARD = gnu11;
				GCC_NO_COMMON_BLOCKS = YES;
				GCC_WARN_64_TO_32_BIT_CONVERSION = YES;
				GCC_WARN_ABOUT_RETURN_TYPE = YES_ERROR;
				GCC_WARN_UNDECLARED_SELECTOR = YES;
				GCC_WARN_UNINITIALIZED_AUTOS = YES_AGGRESSIVE;
				GCC_WARN_UNUSED_FUNCTION = YES;
				GCC_WARN_UNUSED_VARIABLE = YES;
				MACOSX_DEPLOYMENT_TARGET = 12.0;
				MTL_ENABLE_DEBUG_INFO = NO;
				MTL_FAST_MATH = YES;
				SDKROOT = macosx;
				SWIFT_COMPILATION_MODE = wholemodule;
				SWIFT_OPTIMIZATION_LEVEL = "-O";
			};
			name = Release;
		};
		0929640A1F5C8B2C004F2D3F /* Debug */ = {
			isa = XCBuildConfiguration;
			buildSettings = {
				ASSETCATALOG_COMPILER_APPICON_NAME = AppIcon;
				CODE_SIGN_IDENTITY = "-";
				COMBINE_HIDPI_IMAGES = YES;
				DEAD_CODE_STRIPPING = YES;
				INFOPLIST_FILE = "QMK Toolbox/Info.plist";
				LD_RUNPATH_SEARCH_PATHS = (
					"$(inherited)",
					"@executable_path/../Frameworks",
				);
				LIBRARY_SEARCH_PATHS = (
					"$(inherited)",
					"\"$(PROJECT_DIR)/QMK Toolbox\"",
					"$(PROJECT_DIR)",
					"$(PROJECT_DIR)/QMK\\ Toolbox/Resources",
				);
				PRODUCT_BUNDLE_IDENTIFIER = fm.qmk.toolbox;
				PRODUCT_NAME = "$(TARGET_NAME)";
				SWIFT_EMIT_LOC_STRINGS = YES;
				SWIFT_VERSION = 5.0;
			};
			name = Debug;
		};
		0929640B1F5C8B2C004F2D3F /* Release */ = {
			isa = XCBuildConfiguration;
			buildSettings = {
				ASSETCATALOG_COMPILER_APPICON_NAME = AppIcon;
				CODE_SIGN_IDENTITY = "-";
				COMBINE_HIDPI_IMAGES = YES;
				DEAD_CODE_STRIPPING = YES;
				INFOPLIST_FILE = "QMK Toolbox/Info.plist";
				LD_RUNPATH_SEARCH_PATHS = (
					"$(inherited)",
					"@executable_path/../Frameworks",
				);
				LIBRARY_SEARCH_PATHS = (
					"$(inherited)",
					"\"$(PROJECT_DIR)/QMK Toolbox\"",
					"$(PROJECT_DIR)",
					"$(PROJECT_DIR)/QMK\\ Toolbox/Resources",
				);
				PRODUCT_BUNDLE_IDENTIFIER = fm.qmk.toolbox;
				PRODUCT_NAME = "$(TARGET_NAME)";
				SWIFT_EMIT_LOC_STRINGS = YES;
				SWIFT_VERSION = 5.0;
			};
			name = Release;
		};
/* End XCBuildConfiguration section */

/* Begin XCConfigurationList section */
		092963F31F5C8B2C004F2D3F /* Build configuration list for PBXProject "QMK Toolbox" */ = {
			isa = XCConfigurationList;
			buildConfigurations = (
				092964071F5C8B2C004F2D3F /* Debug */,
				092964081F5C8B2C004F2D3F /* Release */,
			);
			defaultConfigurationIsVisible = 0;
			defaultConfigurationName = Release;
		};
		092964091F5C8B2C004F2D3F /* Build configuration list for PBXNativeTarget "QMK Toolbox" */ = {
			isa = XCConfigurationList;
			buildConfigurations = (
				0929640A1F5C8B2C004F2D3F /* Debug */,
				0929640B1F5C8B2C004F2D3F /* Release */,
			);
			defaultConfigurationIsVisible = 0;
			defaultConfigurationName = Release;
		};
/* End XCConfigurationList section */
	};
	rootObject = 092963F01F5C8B2C004F2D3F /* Project object */;
}
