// !$*UTF8*$!
{
	archiveVersion = 1;
	classes = {
	};
	objectVersion = 46;
	objects = {

/* Begin PBXBuildFile section */
		092963FD1F5C8B2C004F2D3F /* AppDelegate.m in Sources */ = {isa = PBXBuildFile; fileRef = 092963FC1F5C8B2C004F2D3F /* AppDelegate.m */; };
		092964001F5C8B2C004F2D3F /* main.m in Sources */ = {isa = PBXBuildFile; fileRef = 092963FF1F5C8B2C004F2D3F /* main.m */; };
		092964021F5C8B2C004F2D3F /* Assets.xcassets in Resources */ = {isa = PBXBuildFile; fileRef = 092964011F5C8B2C004F2D3F /* Assets.xcassets */; };
		092964051F5C8B2C004F2D3F /* MainMenu.xib in Resources */ = {isa = PBXBuildFile; fileRef = 092964031F5C8B2C004F2D3F /* MainMenu.xib */; };
		0929640D1F5E403C004F2D3F /* dfu-programmer in Resources */ = {isa = PBXBuildFile; fileRef = 0929640C1F5E403C004F2D3F /* dfu-programmer */; };
		0929640F1F5E4068004F2D3F /* teensy_loader_cli in Resources */ = {isa = PBXBuildFile; fileRef = 0929640E1F5E4068004F2D3F /* teensy_loader_cli */; };
		092964111F5E4186004F2D3F /* avrdude in Resources */ = {isa = PBXBuildFile; fileRef = 092964101F5E4186004F2D3F /* avrdude */; };
		09522BB31F61E32700AEBC5E /* mcu-list.txt in Resources */ = {isa = PBXBuildFile; fileRef = 09522BB21F61E32700AEBC5E /* mcu-list.txt */; };
		09522BBB1F6216BA00AEBC5E /* avrdude.conf in Resources */ = {isa = PBXBuildFile; fileRef = 09522BBA1F6216BA00AEBC5E /* avrdude.conf */; };
		098AEDFB1F5E45C300CA054D /* dfu-util in Resources */ = {isa = PBXBuildFile; fileRef = 098AEDFA1F5E45C300CA054D /* dfu-util */; };
		098AEDFE1F5F220500CA054D /* Printing.m in Sources */ = {isa = PBXBuildFile; fileRef = 098AEDFD1F5F220500CA054D /* Printing.m */; };
		098AEE021F5F296000CA054D /* Flashing.m in Sources */ = {isa = PBXBuildFile; fileRef = 098AEE011F5F296000CA054D /* Flashing.m */; };
		098AEE051F5F356000CA054D /* HID.m in Sources */ = {isa = PBXBuildFile; fileRef = 098AEE041F5F356000CA054D /* HID.m */; };
		098AEE081F5F370900CA054D /* IOKit.framework in Frameworks */ = {isa = PBXBuildFile; fileRef = 098AEE071F5F370900CA054D /* IOKit.framework */; };
		098AEE0B1F5F97A000CA054D /* USB.m in Sources */ = {isa = PBXBuildFile; fileRef = 098AEE091F5F97A000CA054D /* USB.m */; };
		098AEE101F60C6F600CA054D /* QMKWindow.m in Sources */ = {isa = PBXBuildFile; fileRef = 098AEE0F1F60C6F600CA054D /* QMKWindow.m */; };
		09D79CBA1FB8A6360086ABF6 /* libusb-1.0.0.dylib in CopyFiles */ = {isa = PBXBuildFile; fileRef = 09D79CB51FB0DD7F0086ABF6 /* libusb-1.0.0.dylib */; settings = {ATTRIBUTES = (CodeSignOnCopy, ); }; };
		09D79CBC1FB8A64B0086ABF6 /* libusb-0.1.4.dylib in CopyFiles */ = {isa = PBXBuildFile; fileRef = 09D79CBB1FB8A6490086ABF6 /* libusb-0.1.4.dylib */; settings = {ATTRIBUTES = (CodeSignOnCopy, ); }; };
		303568C11FA7DEF400803BEF /* Constants.m in Sources */ = {isa = PBXBuildFile; fileRef = 303568C01FA7DEF400803BEF /* Constants.m */; };
		3A7770DA22BD3BA300398C40 /* libftdi.1.dylib in CopyFiles */ = {isa = PBXBuildFile; fileRef = 3A7770D822BD3B8200398C40 /* libftdi.1.dylib */; settings = {ATTRIBUTES = (CodeSignOnCopy, ); }; };
		C93A0FF42292232E0006C88F /* reset.eep in Resources */ = {isa = PBXBuildFile; fileRef = C93A0FF32292232D0006C88F /* reset.eep */; };
/* End PBXBuildFile section */

/* Begin PBXCopyFilesBuildPhase section */
		09D79CB91FB8A6320086ABF6 /* CopyFiles */ = {
			isa = PBXCopyFilesBuildPhase;
			buildActionMask = 2147483647;
			dstPath = "";
			dstSubfolderSpec = 10;
			files = (
				09D79CBA1FB8A6360086ABF6 /* libusb-1.0.0.dylib in CopyFiles */,
				09D79CBC1FB8A64B0086ABF6 /* libusb-0.1.4.dylib in CopyFiles */,
				3A7770DA22BD3BA300398C40 /* libftdi.1.dylib in CopyFiles */,
			);
			runOnlyForDeploymentPostprocessing = 0;
		};
/* End PBXCopyFilesBuildPhase section */

/* Begin PBXFileReference section */
		092963F81F5C8B2C004F2D3F /* QMK Toolbox.app */ = {isa = PBXFileReference; explicitFileType = wrapper.application; includeInIndex = 0; path = "QMK Toolbox.app"; sourceTree = BUILT_PRODUCTS_DIR; };
		092963FB1F5C8B2C004F2D3F /* AppDelegate.h */ = {isa = PBXFileReference; lastKnownFileType = sourcecode.c.h; lineEnding = 0; path = AppDelegate.h; sourceTree = "<group>"; xcLanguageSpecificationIdentifier = xcode.lang.objcpp; };
		092963FC1F5C8B2C004F2D3F /* AppDelegate.m */ = {isa = PBXFileReference; lastKnownFileType = sourcecode.c.objc; lineEnding = 0; path = AppDelegate.m; sourceTree = "<group>"; xcLanguageSpecificationIdentifier = xcode.lang.objc; };
		092963FF1F5C8B2C004F2D3F /* main.m */ = {isa = PBXFileReference; lastKnownFileType = sourcecode.c.objc; lineEnding = 0; path = main.m; sourceTree = "<group>"; xcLanguageSpecificationIdentifier = xcode.lang.objc; };
		092964011F5C8B2C004F2D3F /* Assets.xcassets */ = {isa = PBXFileReference; lastKnownFileType = folder.assetcatalog; path = Assets.xcassets; sourceTree = "<group>"; };
		092964041F5C8B2C004F2D3F /* Base */ = {isa = PBXFileReference; lastKnownFileType = file.xib; name = Base; path = Base.lproj/MainMenu.xib; sourceTree = "<group>"; };
		092964061F5C8B2C004F2D3F /* Info.plist */ = {isa = PBXFileReference; lastKnownFileType = text.plist.xml; path = Info.plist; sourceTree = "<group>"; };
		0929640C1F5E403C004F2D3F /* dfu-programmer */ = {isa = PBXFileReference; lastKnownFileType = "compiled.mach-o.executable"; name = "dfu-programmer"; path = "../dfu-programmer"; sourceTree = "<group>"; };
		0929640E1F5E4068004F2D3F /* teensy_loader_cli */ = {isa = PBXFileReference; lastKnownFileType = "compiled.mach-o.executable"; name = teensy_loader_cli; path = ../teensy_loader_cli; sourceTree = "<group>"; };
		092964101F5E4186004F2D3F /* avrdude */ = {isa = PBXFileReference; lastKnownFileType = "compiled.mach-o.executable"; name = avrdude; path = ../avrdude; sourceTree = "<group>"; };
		09522BB21F61E32700AEBC5E /* mcu-list.txt */ = {isa = PBXFileReference; fileEncoding = 4; lastKnownFileType = text; name = "mcu-list.txt"; path = "../../common/mcu-list.txt"; sourceTree = "<group>"; };
		09522BBA1F6216BA00AEBC5E /* avrdude.conf */ = {isa = PBXFileReference; fileEncoding = 4; lastKnownFileType = text; name = avrdude.conf; path = ../../common/avrdude.conf; sourceTree = "<group>"; };
		098AEDFA1F5E45C300CA054D /* dfu-util */ = {isa = PBXFileReference; lastKnownFileType = "compiled.mach-o.executable"; name = "dfu-util"; path = "../dfu-util"; sourceTree = "<group>"; };
		098AEDFC1F5F220500CA054D /* Printing.h */ = {isa = PBXFileReference; fileEncoding = 4; lastKnownFileType = sourcecode.c.h; lineEnding = 0; path = Printing.h; sourceTree = "<group>"; xcLanguageSpecificationIdentifier = xcode.lang.objcpp; };
		098AEDFD1F5F220500CA054D /* Printing.m */ = {isa = PBXFileReference; fileEncoding = 4; lastKnownFileType = sourcecode.c.objc; lineEnding = 0; path = Printing.m; sourceTree = "<group>"; xcLanguageSpecificationIdentifier = xcode.lang.objc; };
		098AEE011F5F296000CA054D /* Flashing.m */ = {isa = PBXFileReference; fileEncoding = 4; lastKnownFileType = sourcecode.c.objc; lineEnding = 0; path = Flashing.m; sourceTree = "<group>"; xcLanguageSpecificationIdentifier = xcode.lang.objc; };
		098AEE031F5F296B00CA054D /* Flashing.h */ = {isa = PBXFileReference; lastKnownFileType = sourcecode.c.h; lineEnding = 0; path = Flashing.h; sourceTree = "<group>"; xcLanguageSpecificationIdentifier = xcode.lang.objcpp; };
		098AEE041F5F356000CA054D /* HID.m */ = {isa = PBXFileReference; fileEncoding = 4; lastKnownFileType = sourcecode.c.objc; lineEnding = 0; path = HID.m; sourceTree = "<group>"; xcLanguageSpecificationIdentifier = xcode.lang.objc; };
		098AEE061F5F359500CA054D /* HID.h */ = {isa = PBXFileReference; lastKnownFileType = sourcecode.c.h; lineEnding = 0; path = HID.h; sourceTree = "<group>"; xcLanguageSpecificationIdentifier = xcode.lang.objcpp; };
		098AEE071F5F370900CA054D /* IOKit.framework */ = {isa = PBXFileReference; lastKnownFileType = wrapper.framework; name = IOKit.framework; path = System/Library/Frameworks/IOKit.framework; sourceTree = SDKROOT; };
		098AEE091F5F97A000CA054D /* USB.m */ = {isa = PBXFileReference; fileEncoding = 4; lastKnownFileType = sourcecode.c.objc; path = USB.m; sourceTree = "<group>"; };
		098AEE0A1F5F97A000CA054D /* USB.h */ = {isa = PBXFileReference; fileEncoding = 4; lastKnownFileType = sourcecode.c.h; path = USB.h; sourceTree = "<group>"; };
		098AEE0E1F60C6F600CA054D /* QMKWindow.h */ = {isa = PBXFileReference; fileEncoding = 4; lastKnownFileType = sourcecode.c.h; lineEnding = 0; path = QMKWindow.h; sourceTree = "<group>"; xcLanguageSpecificationIdentifier = xcode.lang.objcpp; };
		098AEE0F1F60C6F600CA054D /* QMKWindow.m */ = {isa = PBXFileReference; fileEncoding = 4; lastKnownFileType = sourcecode.c.objc; lineEnding = 0; path = QMKWindow.m; sourceTree = "<group>"; xcLanguageSpecificationIdentifier = xcode.lang.objc; };
		09D79CB51FB0DD7F0086ABF6 /* libusb-1.0.0.dylib */ = {isa = PBXFileReference; lastKnownFileType = "compiled.mach-o.dylib"; path = "libusb-1.0.0.dylib"; sourceTree = SOURCE_ROOT; };
		09D79CBB1FB8A6490086ABF6 /* libusb-0.1.4.dylib */ = {isa = PBXFileReference; lastKnownFileType = "compiled.mach-o.dylib"; path = "libusb-0.1.4.dylib"; sourceTree = SOURCE_ROOT; };
		303568C01FA7DEF400803BEF /* Constants.m */ = {isa = PBXFileReference; fileEncoding = 4; lastKnownFileType = sourcecode.c.objc; path = Constants.m; sourceTree = "<group>"; };
		303568C21FA7DF0900803BEF /* Constants.h */ = {isa = PBXFileReference; lastKnownFileType = sourcecode.c.h; path = Constants.h; sourceTree = "<group>"; };
		3A7770D822BD3B8200398C40 /* libftdi.1.dylib */ = {isa = PBXFileReference; lastKnownFileType = "compiled.mach-o.dylib"; path = libftdi.1.dylib; sourceTree = SOURCE_ROOT; };
		C93A0FF32292232D0006C88F /* reset.eep */ = {isa = PBXFileReference; fileEncoding = 4; lastKnownFileType = text; name = reset.eep; path = ../../common/reset.eep; sourceTree = "<group>"; };
/* End PBXFileReference section */

/* Begin PBXFrameworksBuildPhase section */
		092963F51F5C8B2C004F2D3F /* Frameworks */ = {
			isa = PBXFrameworksBuildPhase;
			buildActionMask = 2147483647;
			files = (
				098AEE081F5F370900CA054D /* IOKit.framework in Frameworks */,
			);
			runOnlyForDeploymentPostprocessing = 0;
		};
/* End PBXFrameworksBuildPhase section */

/* Begin PBXGroup section */
		092963EF1F5C8B2C004F2D3F = {
			isa = PBXGroup;
			children = (
				098AEE071F5F370900CA054D /* IOKit.framework */,
				092963FA1F5C8B2C004F2D3F /* qmk_toolbox */,
				092963F91F5C8B2C004F2D3F /* Products */,
			);
			sourceTree = "<group>";
		};
		092963F91F5C8B2C004F2D3F /* Products */ = {
			isa = PBXGroup;
			children = (
				092963F81F5C8B2C004F2D3F /* QMK Toolbox.app */,
			);
			name = Products;
			sourceTree = "<group>";
		};
		092963FA1F5C8B2C004F2D3F /* qmk_toolbox */ = {
			isa = PBXGroup;
			children = (
				303568C21FA7DF0900803BEF /* Constants.h */,
				303568C01FA7DEF400803BEF /* Constants.m */,
				098AEE0A1F5F97A000CA054D /* USB.h */,
				098AEE091F5F97A000CA054D /* USB.m */,
				098AEE031F5F296B00CA054D /* Flashing.h */,
				098AEE011F5F296000CA054D /* Flashing.m */,
				098AEE061F5F359500CA054D /* HID.h */,
				098AEE041F5F356000CA054D /* HID.m */,
				098AEDFC1F5F220500CA054D /* Printing.h */,
				098AEDFD1F5F220500CA054D /* Printing.m */,
				092963FB1F5C8B2C004F2D3F /* AppDelegate.h */,
				092963FC1F5C8B2C004F2D3F /* AppDelegate.m */,
				092964011F5C8B2C004F2D3F /* Assets.xcassets */,
				092964031F5C8B2C004F2D3F /* MainMenu.xib */,
				092964061F5C8B2C004F2D3F /* Info.plist */,
				092963FE1F5C8B2C004F2D3F /* Supporting Files */,
				098AEE0E1F60C6F600CA054D /* QMKWindow.h */,
				098AEE0F1F60C6F600CA054D /* QMKWindow.m */,
			);
			path = qmk_toolbox;
			sourceTree = "<group>";
		};
		092963FE1F5C8B2C004F2D3F /* Supporting Files */ = {
			isa = PBXGroup;
			children = (
				C93A0FF32292232D0006C88F /* reset.eep */,
				3A7770D822BD3B8200398C40 /* libftdi.1.dylib */,
				09D79CB51FB0DD7F0086ABF6 /* libusb-1.0.0.dylib */,
				09D79CBB1FB8A6490086ABF6 /* libusb-0.1.4.dylib */,
				09522BBA1F6216BA00AEBC5E /* avrdude.conf */,
				09522BB21F61E32700AEBC5E /* mcu-list.txt */,
				098AEDFA1F5E45C300CA054D /* dfu-util */,
				092964101F5E4186004F2D3F /* avrdude */,
				0929640E1F5E4068004F2D3F /* teensy_loader_cli */,
				0929640C1F5E403C004F2D3F /* dfu-programmer */,
				092963FF1F5C8B2C004F2D3F /* main.m */,
			);
			name = "Supporting Files";
			sourceTree = "<group>";
		};
/* End PBXGroup section */

/* Begin PBXNativeTarget section */
		092963F71F5C8B2C004F2D3F /* QMK Toolbox */ = {
			isa = PBXNativeTarget;
			buildConfigurationList = 092964091F5C8B2C004F2D3F /* Build configuration list for PBXNativeTarget "QMK Toolbox" */;
			buildPhases = (
				092963F41F5C8B2C004F2D3F /* Sources */,
				092963F51F5C8B2C004F2D3F /* Frameworks */,
				092963F61F5C8B2C004F2D3F /* Resources */,
				09D79CB91FB8A6320086ABF6 /* CopyFiles */,
			);
			buildRules = (
			);
			dependencies = (
			);
			name = "QMK Toolbox";
			productName = qmk_toolbox;
			productReference = 092963F81F5C8B2C004F2D3F /* QMK Toolbox.app */;
			productType = "com.apple.product-type.application";
		};
/* End PBXNativeTarget section */

/* Begin PBXProject section */
		092963F01F5C8B2C004F2D3F /* Project object */ = {
			isa = PBXProject;
			attributes = {
				LastUpgradeCheck = 0710;
				ORGANIZATIONNAME = QMK;
				TargetAttributes = {
					092963F71F5C8B2C004F2D3F = {
						CreatedOnToolsVersion = 7.1;
					};
				};
			};
			buildConfigurationList = 092963F31F5C8B2C004F2D3F /* Build configuration list for PBXProject "QMK Toolbox" */;
			compatibilityVersion = "Xcode 3.2";
			developmentRegion = English;
			hasScannedForEncodings = 0;
			knownRegions = (
				en,
				Base,
			);
			mainGroup = 092963EF1F5C8B2C004F2D3F;
			productRefGroup = 092963F91F5C8B2C004F2D3F /* Products */;
			projectDirPath = "";
			projectRoot = "";
			targets = (
				092963F71F5C8B2C004F2D3F /* QMK Toolbox */,
			);
		};
/* End PBXProject section */

/* Begin PBXResourcesBuildPhase section */
		092963F61F5C8B2C004F2D3F /* Resources */ = {
			isa = PBXResourcesBuildPhase;
			buildActionMask = 2147483647;
			files = (
				09522BB31F61E32700AEBC5E /* mcu-list.txt in Resources */,
				C93A0FF42292232E0006C88F /* reset.eep in Resources */,
				0929640D1F5E403C004F2D3F /* dfu-programmer in Resources */,
				092964021F5C8B2C004F2D3F /* Assets.xcassets in Resources */,
				09522BBB1F6216BA00AEBC5E /* avrdude.conf in Resources */,
				098AEDFB1F5E45C300CA054D /* dfu-util in Resources */,
				0929640F1F5E4068004F2D3F /* teensy_loader_cli in Resources */,
				092964111F5E4186004F2D3F /* avrdude in Resources */,
				092964051F5C8B2C004F2D3F /* MainMenu.xib in Resources */,
			);
			runOnlyForDeploymentPostprocessing = 0;
		};
/* End PBXResourcesBuildPhase section */

/* Begin PBXSourcesBuildPhase section */
		092963F41F5C8B2C004F2D3F /* Sources */ = {
			isa = PBXSourcesBuildPhase;
			buildActionMask = 2147483647;
			files = (
				098AEE101F60C6F600CA054D /* QMKWindow.m in Sources */,
				098AEE0B1F5F97A000CA054D /* USB.m in Sources */,
				092964001F5C8B2C004F2D3F /* main.m in Sources */,
				303568C11FA7DEF400803BEF /* Constants.m in Sources */,
				098AEE021F5F296000CA054D /* Flashing.m in Sources */,
				098AEE051F5F356000CA054D /* HID.m in Sources */,
				092963FD1F5C8B2C004F2D3F /* AppDelegate.m in Sources */,
				098AEDFE1F5F220500CA054D /* Printing.m in Sources */,
			);
			runOnlyForDeploymentPostprocessing = 0;
		};
/* End PBXSourcesBuildPhase section */

/* Begin PBXVariantGroup section */
		092964031F5C8B2C004F2D3F /* MainMenu.xib */ = {
			isa = PBXVariantGroup;
			children = (
				092964041F5C8B2C004F2D3F /* Base */,
			);
			name = MainMenu.xib;
			sourceTree = "<group>";
		};
/* End PBXVariantGroup section */

/* Begin XCBuildConfiguration section */
		092964071F5C8B2C004F2D3F /* Debug */ = {
			isa = XCBuildConfiguration;
			buildSettings = {
				ALWAYS_SEARCH_USER_PATHS = NO;
				CLANG_CXX_LANGUAGE_STANDARD = "gnu++0x";
				CLANG_CXX_LIBRARY = "libc++";
				CLANG_ENABLE_MODULES = YES;
				CLANG_ENABLE_OBJC_ARC = YES;
				CLANG_WARN_BOOL_CONVERSION = YES;
				CLANG_WARN_CONSTANT_CONVERSION = YES;
				CLANG_WARN_DIRECT_OBJC_ISA_USAGE = YES_ERROR;
				CLANG_WARN_EMPTY_BODY = YES;
				CLANG_WARN_ENUM_CONVERSION = YES;
				CLANG_WARN_INT_CONVERSION = YES;
				CLANG_WARN_OBJC_ROOT_CLASS = YES_ERROR;
				CLANG_WARN_UNREACHABLE_CODE = YES;
				CLANG_WARN__DUPLICATE_METHOD_MATCH = YES;
				CODE_SIGN_IDENTITY = "-";
				COPY_PHASE_STRIP = NO;
				DEBUG_INFORMATION_FORMAT = dwarf;
				ENABLE_STRICT_OBJC_MSGSEND = YES;
				ENABLE_TESTABILITY = YES;
				GCC_C_LANGUAGE_STANDARD = gnu99;
				GCC_DYNAMIC_NO_PIC = NO;
				GCC_NO_COMMON_BLOCKS = YES;
				GCC_OPTIMIZATION_LEVEL = 0;
				GCC_PREPROCESSOR_DEFINITIONS = (
					"DEBUG=1",
					"$(inherited)",
				);
				GCC_WARN_64_TO_32_BIT_CONVERSION = YES;
				GCC_WARN_ABOUT_RETURN_TYPE = YES_ERROR;
				GCC_WARN_UNDECLARED_SELECTOR = YES;
				GCC_WARN_UNINITIALIZED_AUTOS = YES_AGGRESSIVE;
				GCC_WARN_UNUSED_FUNCTION = YES;
				GCC_WARN_UNUSED_VARIABLE = YES;
				MACOSX_DEPLOYMENT_TARGET = 10.11;
				MTL_ENABLE_DEBUG_INFO = YES;
				ONLY_ACTIVE_ARCH = YES;
				SDKROOT = macosx;
			};
			name = Debug;
		};
		092964081F5C8B2C004F2D3F /* Release */ = {
			isa = XCBuildConfiguration;
			buildSettings = {
				ALWAYS_SEARCH_USER_PATHS = NO;
				CLANG_CXX_LANGUAGE_STANDARD = "gnu++0x";
				CLANG_CXX_LIBRARY = "libc++";
				CLANG_ENABLE_MODULES = YES;
				CLANG_ENABLE_OBJC_ARC = YES;
				CLANG_WARN_BOOL_CONVERSION = YES;
				CLANG_WARN_CONSTANT_CONVERSION = YES;
				CLANG_WARN_DIRECT_OBJC_ISA_USAGE = YES_ERROR;
				CLANG_WARN_EMPTY_BODY = YES;
				CLANG_WARN_ENUM_CONVERSION = YES;
				CLANG_WARN_INT_CONVERSION = YES;
				CLANG_WARN_OBJC_ROOT_CLASS = YES_ERROR;
				CLANG_WARN_UNREACHABLE_CODE = YES;
				CLANG_WARN__DUPLICATE_METHOD_MATCH = YES;
				CODE_SIGN_IDENTITY = "-";
				DEBUG_INFORMATION_FORMAT = "dwarf-with-dsym";
				DEPLOYMENT_POSTPROCESSING = YES;
				ENABLE_NS_ASSERTIONS = NO;
				ENABLE_STRICT_OBJC_MSGSEND = YES;
				GCC_C_LANGUAGE_STANDARD = gnu99;
				GCC_NO_COMMON_BLOCKS = YES;
				GCC_WARN_64_TO_32_BIT_CONVERSION = YES;
				GCC_WARN_ABOUT_RETURN_TYPE = YES_ERROR;
				GCC_WARN_UNDECLARED_SELECTOR = YES;
				GCC_WARN_UNINITIALIZED_AUTOS = YES_AGGRESSIVE;
				GCC_WARN_UNUSED_FUNCTION = YES;
				GCC_WARN_UNUSED_VARIABLE = YES;
				MACOSX_DEPLOYMENT_TARGET = 10.11;
				MTL_ENABLE_DEBUG_INFO = NO;
				SDKROOT = macosx;
			};
			name = Release;
		};
		0929640A1F5C8B2C004F2D3F /* Debug */ = {
			isa = XCBuildConfiguration;
			buildSettings = {
				ASSETCATALOG_COMPILER_APPICON_NAME = AppIcon;
				CODE_SIGN_IDENTITY = "";
				COMBINE_HIDPI_IMAGES = YES;
				INFOPLIST_FILE = qmk_toolbox/Info.plist;
				LD_RUNPATH_SEARCH_PATHS = "$(inherited) @executable_path/../Frameworks";
				LIBRARY_SEARCH_PATHS = (
					"$(inherited)",
					"$(PROJECT_DIR)/qmk_toolbox",
					"$(PROJECT_DIR)",
				);
				PRODUCT_BUNDLE_IDENTIFIER = fm.qmk.toolbox;
				PRODUCT_NAME = "QMK Toolbox";
			};
			name = Debug;
		};
		0929640B1F5C8B2C004F2D3F /* Release */ = {
			isa = XCBuildConfiguration;
			buildSettings = {
				ASSETCATALOG_COMPILER_APPICON_NAME = AppIcon;
				CODE_SIGN_IDENTITY = "";
				COMBINE_HIDPI_IMAGES = YES;
				INFOPLIST_FILE = qmk_toolbox/Info.plist;
				LD_RUNPATH_SEARCH_PATHS = "$(inherited) @executable_path/../Frameworks";
				LIBRARY_SEARCH_PATHS = (
					"$(inherited)",
					"$(PROJECT_DIR)/qmk_toolbox",
					"$(PROJECT_DIR)",
				);
				PRODUCT_BUNDLE_IDENTIFIER = fm.qmk.toolbox;
				PRODUCT_NAME = "QMK Toolbox";
			};
			name = Release;
		};
/* End XCBuildConfiguration section */

/* Begin XCConfigurationList section */
		092963F31F5C8B2C004F2D3F /* Build configuration list for PBXProject "QMK Toolbox" */ = {
			isa = XCConfigurationList;
			buildConfigurations = (
				092964071F5C8B2C004F2D3F /* Debug */,
				092964081F5C8B2C004F2D3F /* Release */,
			);
			defaultConfigurationIsVisible = 0;
			defaultConfigurationName = Release;
		};
		092964091F5C8B2C004F2D3F /* Build configuration list for PBXNativeTarget "QMK Toolbox" */ = {
			isa = XCConfigurationList;
			buildConfigurations = (
				0929640A1F5C8B2C004F2D3F /* Debug */,
				0929640B1F5C8B2C004F2D3F /* Release */,
			);
			defaultConfigurationIsVisible = 0;
			defaultConfigurationName = Release;
		};
/* End XCConfigurationList section */
	};
	rootObject = 092963F01F5C8B2C004F2D3F /* Project object */;
}
